
Microsoft Visual Studio Solution File, Format Version 12.00
# Visual Studio 15
VisualStudioVersion = 15.0.28010.2036
MinimumVisualStudioVersion = 10.0.40219.1
Project("{FAE04EC0-301F-11D3-BF4B-00C04F79EFBC}") = "SudokuCLI", "SudokuCLI\SudokuCLI.csproj", "{EAAA94D1-7883-44E0-AE58-0EEDAD19933A}"
EndProject
Global
	GlobalSection(SolutionConfigurationPlatforms) = preSolution
		Debug|Any CPU = Debug|Any CPU
		Release|Any CPU = Release|Any CPU
	EndGlobalSection
	GlobalSection(ProjectConfigurationPlatforms) = postSolution
		{EAAA94D1-7883-44E0-AE58-0EEDAD19933A}.Debug|Any CPU.ActiveCfg = Debug|Any CPU
		{EAAA94D1-7883-44E0-AE58-0EEDAD19933A}.Debug|Any CPU.Build.0 = Debug|Any CPU
		{EAAA94D1-7883-44E0-AE58-0EEDAD19933A}.Release|Any CPU.ActiveCfg = Release|Any CPU
		{EAAA94D1-7883-44E0-AE58-0EEDAD19933A}.Release|Any CPU.Build.0 = Release|Any CPU
	EndGlobalSection
	GlobalSection(SolutionProperties) = preSolution
		HideSolutionNode = FALSE
	EndGlobalSection
	GlobalSection(ExtensibilityGlobals) = postSolution
		SolutionGuid = {DC8040F3-3340-4087-8EB8-0E8C4DB51DBF}
	EndGlobalSection
EndGlobal
